PODS:
  - EasyRealm (3.4.0):
    - RealmSwift (~> 10.24.0)
  - Realm (10.24.0):
    - Realm/Headers (= 10.24.0)
  - Realm/Headers (10.24.0)
  - RealmSwift (10.24.0):
    - Realm (= 10.24.0)

DEPENDENCIES:
  - EasyRealm (from `../`)

SPEC REPOS:
  trunk:
    - Realm
    - RealmSwift

EXTERNAL SOURCES:
  EasyRealm:
    :path: "../"

SPEC CHECKSUMS:
  EasyRealm: 29906f1b923390d55f40d7dcf695ff4d9c6478df
  Realm: 5d6f84e3f65d4efa204d46b461e5bbbbbbf84c6c
  RealmSwift: 9022754b93fad23e1ffc950c93574c5b7899bd51

PODFILE CHECKSUM: 73d2683af2c7ac771647afb875fecd5c780c7a9f

COCOAPODS: 1.11.2
